
Microsoft Visual Studio Solution File, Format Version 12.00
# Visual Studio Version 16
VisualStudioVersion = 16.0.30114.105
MinimumVisualStudioVersion = 10.0.40219.1
Project("{FAE04EC0-301F-11D3-BF4B-00C04F79EFBC}") = "API", "API\API.csproj", "{E522EF5F-B257-4EBF-BC35-ADE6E83C8B70}"
EndProject
Project("{FAE04EC0-301F-11D3-BF4B-00C04F79EFBC}") = "Application", "Application\Application.csproj", "{054A5687-C780-44B1-A8FF-C2466F3D35C8}"
EndProject
Project("{FAE04EC0-301F-11D3-BF4B-00C04F79EFBC}") = "Persistence", "Persistence\Persistence.csproj", "{90DEB95B-58CD-4BF5-9E57-30D586F0807B}"
EndProject
Project("{FAE04EC0-301F-11D3-BF4B-00C04F79EFBC}") = "Domain", "Domain\Domain.csproj", "{EC5F9771-55C8-4BD6-97BD-3E3C57755CBF}"
EndProject
Global
	GlobalSection(SolutionConfigurationPlatforms) = preSolution
		Debug|Any CPU = Debug|Any CPU
		Debug|x64 = Debug|x64
		Debug|x86 = Debug|x86
		Release|Any CPU = Release|Any CPU
		Release|x64 = Release|x64
		Release|x86 = Release|x86
	EndGlobalSection
	GlobalSection(SolutionProperties) = preSolution
		HideSolutionNode = FALSE
	EndGlobalSection
	GlobalSection(ProjectConfigurationPlatforms) = postSolution
		{E522EF5F-B257-4EBF-BC35-ADE6E83C8B70}.Debug|Any CPU.ActiveCfg = Debug|Any CPU
		{E522EF5F-B257-4EBF-BC35-ADE6E83C8B70}.Debug|Any CPU.Build.0 = Debug|Any CPU
		{E522EF5F-B257-4EBF-BC35-ADE6E83C8B70}.Debug|x64.ActiveCfg = Debug|Any CPU
		{E522EF5F-B257-4EBF-BC35-ADE6E83C8B70}.Debug|x64.Build.0 = Debug|Any CPU
		{E522EF5F-B257-4EBF-BC35-ADE6E83C8B70}.Debug|x86.ActiveCfg = Debug|Any CPU
		{E522EF5F-B257-4EBF-BC35-ADE6E83C8B70}.Debug|x86.Build.0 = Debug|Any CPU
		{E522EF5F-B257-4EBF-BC35-ADE6E83C8B70}.Release|Any CPU.ActiveCfg = Release|Any CPU
		{E522EF5F-B257-4EBF-BC35-ADE6E83C8B70}.Release|Any CPU.Build.0 = Release|Any CPU
		{E522EF5F-B257-4EBF-BC35-ADE6E83C8B70}.Release|x64.ActiveCfg = Release|Any CPU
		{E522EF5F-B257-4EBF-BC35-ADE6E83C8B70}.Release|x64.Build.0 = Release|Any CPU
		{E522EF5F-B257-4EBF-BC35-ADE6E83C8B70}.Release|x86.ActiveCfg = Release|Any CPU
		{E522EF5F-B257-4EBF-BC35-ADE6E83C8B70}.Release|x86.Build.0 = Release|Any CPU
		{054A5687-C780-44B1-A8FF-C2466F3D35C8}.Debug|Any CPU.ActiveCfg = Debug|Any CPU
		{054A5687-C780-44B1-A8FF-C2466F3D35C8}.Debug|Any CPU.Build.0 = Debug|Any CPU
		{054A5687-C780-44B1-A8FF-C2466F3D35C8}.Debug|x64.ActiveCfg = Debug|Any CPU
		{054A5687-C780-44B1-A8FF-C2466F3D35C8}.Debug|x64.Build.0 = Debug|Any CPU
		{054A5687-C780-44B1-A8FF-C2466F3D35C8}.Debug|x86.ActiveCfg = Debug|Any CPU
		{054A5687-C780-44B1-A8FF-C2466F3D35C8}.Debug|x86.Build.0 = Debug|Any CPU
		{054A5687-C780-44B1-A8FF-C2466F3D35C8}.Release|Any CPU.ActiveCfg = Release|Any CPU
		{054A5687-C780-44B1-A8FF-C2466F3D35C8}.Release|Any CPU.Build.0 = Release|Any CPU
		{054A5687-C780-44B1-A8FF-C2466F3D35C8}.Release|x64.ActiveCfg = Release|Any CPU
		{054A5687-C780-44B1-A8FF-C2466F3D35C8}.Release|x64.Build.0 = Release|Any CPU
		{054A5687-C780-44B1-A8FF-C2466F3D35C8}.Release|x86.ActiveCfg = Release|Any CPU
		{054A5687-C780-44B1-A8FF-C2466F3D35C8}.Release|x86.Build.0 = Release|Any CPU
		{90DEB95B-58CD-4BF5-9E57-30D586F0807B}.Debug|Any CPU.ActiveCfg = Debug|Any CPU
		{90DEB95B-58CD-4BF5-9E57-30D586F0807B}.Debug|Any CPU.Build.0 = Debug|Any CPU
		{90DEB95B-58CD-4BF5-9E57-30D586F0807B}.Debug|x64.ActiveCfg = Debug|Any CPU
		{90DEB95B-58CD-4BF5-9E57-30D586F0807B}.Debug|x64.Build.0 = Debug|Any CPU
		{90DEB95B-58CD-4BF5-9E57-30D586F0807B}.Debug|x86.ActiveCfg = Debug|Any CPU
		{90DEB95B-58CD-4BF5-9E57-30D586F0807B}.Debug|x86.Build.0 = Debug|Any CPU
		{90DEB95B-58CD-4BF5-9E57-30D586F0807B}.Release|Any CPU.ActiveCfg = Release|Any CPU
		{90DEB95B-58CD-4BF5-9E57-30D586F0807B}.Release|Any CPU.Build.0 = Release|Any CPU
		{90DEB95B-58CD-4BF5-9E57-30D586F0807B}.Release|x64.ActiveCfg = Release|Any CPU
		{90DEB95B-58CD-4BF5-9E57-30D586F0807B}.Release|x64.Build.0 = Release|Any CPU
		{90DEB95B-58CD-4BF5-9E57-30D586F0807B}.Release|x86.ActiveCfg = Release|Any CPU
		{90DEB95B-58CD-4BF5-9E57-30D586F0807B}.Release|x86.Build.0 = Release|Any CPU
		{EC5F9771-55C8-4BD6-97BD-3E3C57755CBF}.Debug|Any CPU.ActiveCfg = Debug|Any CPU
		{EC5F9771-55C8-4BD6-97BD-3E3C57755CBF}.Debug|Any CPU.Build.0 = Debug|Any CPU
		{EC5F9771-55C8-4BD6-97BD-3E3C57755CBF}.Debug|x64.ActiveCfg = Debug|Any CPU
		{EC5F9771-55C8-4BD6-97BD-3E3C57755CBF}.Debug|x64.Build.0 = Debug|Any CPU
		{EC5F9771-55C8-4BD6-97BD-3E3C57755CBF}.Debug|x86.ActiveCfg = Debug|Any CPU
		{EC5F9771-55C8-4BD6-97BD-3E3C57755CBF}.Debug|x86.Build.0 = Debug|Any CPU
		{EC5F9771-55C8-4BD6-97BD-3E3C57755CBF}.Release|Any CPU.ActiveCfg = Release|Any CPU
		{EC5F9771-55C8-4BD6-97BD-3E3C57755CBF}.Release|Any CPU.Build.0 = Release|Any CPU
		{EC5F9771-55C8-4BD6-97BD-3E3C57755CBF}.Release|x64.ActiveCfg = Release|Any CPU
		{EC5F9771-55C8-4BD6-97BD-3E3C57755CBF}.Release|x64.Build.0 = Release|Any CPU
		{EC5F9771-55C8-4BD6-97BD-3E3C57755CBF}.Release|x86.ActiveCfg = Release|Any CPU
		{EC5F9771-55C8-4BD6-97BD-3E3C57755CBF}.Release|x86.Build.0 = Release|Any CPU
	EndGlobalSection
EndGlobal
